// !$*UTF8*$!
{
	archiveVersion = 1;
	classes = {
	};
	objectVersion = 50;
	objects = {

/* Begin PBXBuildFile section */
		EA678C1E2A9A265C00D88B6C /* AppDelegate.swift in Sources */ = {isa = PBXBuildFile; fileRef = EA678C1D2A9A265C00D88B6C /* AppDelegate.swift */; };
		EA678C202A9A265C00D88B6C /* SceneDelegate.swift in Sources */ = {isa = PBXBuildFile; fileRef = EA678C1F2A9A265C00D88B6C /* SceneDelegate.swift */; };
		EA678C222A9A265C00D88B6C /* ViewController.swift in Sources */ = {isa = PBXBuildFile; fileRef = EA678C212A9A265C00D88B6C /* ViewController.swift */; };
		EA678C252A9A265C00D88B6C /* Main.storyboard in Resources */ = {isa = PBXBuildFile; fileRef = EA678C232A9A265C00D88B6C /* Main.storyboard */; };
		EA678C272A9A266600D88B6C /* Assets.xcassets in Resources */ = {isa = PBXBuildFile; fileRef = EA678C262A9A266600D88B6C /* Assets.xcassets */; };
		EA678C2A2A9A266600D88B6C /* LaunchScreen.storyboard in Resources */ = {isa = PBXBuildFile; fileRef = EA678C282A9A266600D88B6C /* LaunchScreen.storyboard */; };
		EA678C352A9A266700D88B6C /* TextViewDynamicHeightTests.swift in Sources */ = {isa = PBXBuildFile; fileRef = EA678C342A9A266700D88B6C /* TextViewDynamicHeightTests.swift */; };
		EA678C402A9A266700D88B6C /* TextViewDynamicHeightUITests.swift in Sources */ = {isa = PBXBuildFile; fileRef = EA678C3F2A9A266700D88B6C /* TextViewDynamicHeightUITests.swift */; };
/* End PBXBuildFile section */

/* Begin PBXContainerItemProxy section */
		EA678C312A9A266700D88B6C /* PBXContainerItemProxy */ = {
			isa = PBXContainerItemProxy;
			containerPortal = EA678C122A9A265C00D88B6C /* Project object */;
			proxyType = 1;
			remoteGlobalIDString = EA678C192A9A265C00D88B6C;
			remoteInfo = TextViewDynamicHeight;
		};
		EA678C3C2A9A266700D88B6C /* PBXContainerItemProxy */ = {
			isa = PBXContainerItemProxy;
			containerPortal = EA678C122A9A265C00D88B6C /* Project object */;
			proxyType = 1;
			remoteGlobalIDString = EA678C192A9A265C00D88B6C;
			remoteInfo = TextViewDynamicHeight;
		};
/* End PBXContainerItemProxy section */

/* Begin PBXFileReference section */
		EA678C1A2A9A265C00D88B6C /* TextViewDynamicHeight.app */ = {isa = PBXFileReference; explicitFileType = wrapper.application; includeInIndex = 0; path = TextViewDynamicHeight.app; sourceTree = BUILT_PRODUCTS_DIR; };
		EA678C1D2A9A265C00D88B6C /* AppDelegate.swift */ = {isa = PBXFileReference; lastKnownFileType = sourcecode.swift; path = AppDelegate.swift; sourceTree = "<group>"; };
		EA678C1F2A9A265C00D88B6C /* SceneDelegate.swift */ = {isa = PBXFileReference; lastKnownFileType = sourcecode.swift; path = SceneDelegate.swift; sourceTree = "<group>"; };
		EA678C212A9A265C00D88B6C /* ViewController.swift */ = {isa = PBXFileReference; lastKnownFileType = sourcecode.swift; path = ViewController.swift; sourceTree = "<group>"; };
		EA678C242A9A265C00D88B6C /* Base */ = {isa = PBXFileReference; lastKnownFileType = file.storyboard; name = Base; path = Base.lproj/Main.storyboard; sourceTree = "<group>"; };
		EA678C262A9A266600D88B6C /* Assets.xcassets */ = {isa = PBXFileReference; lastKnownFileType = folder.assetcatalog; path = Assets.xcassets; sourceTree = "<group>"; };
		EA678C292A9A266600D88B6C /* Base */ = {isa = PBXFileReference; lastKnownFileType = file.storyboard; name = Base; path = Base.lproj/LaunchScreen.storyboard; sourceTree = "<group>"; };
		EA678C2B2A9A266600D88B6C /* Info.plist */ = {isa = PBXFileReference; lastKnownFileType = text.plist.xml; path = Info.plist; sourceTree = "<group>"; };
		EA678C302A9A266700D88B6C /* TextViewDynamicHeightTests.xctest */ = {isa = PBXFileReference; explicitFileType = wrapper.cfbundle; includeInIndex = 0; path = TextViewDynamicHeightTests.xctest; sourceTree = BUILT_PRODUCTS_DIR; };
		EA678C342A9A266700D88B6C /* TextViewDynamicHeightTests.swift */ = {isa = PBXFileReference; lastKnownFileType = sourcecode.swift; path = TextViewDynamicHeightTests.swift; sourceTree = "<group>"; };
		EA678C362A9A266700D88B6C /* Info.plist */ = {isa = PBXFileReference; lastKnownFileType = text.plist.xml; path = Info.plist; sourceTree = "<group>"; };
		EA678C3B2A9A266700D88B6C /* TextViewDynamicHeightUITests.xctest */ = {isa = PBXFileReference; explicitFileType = wrapper.cfbundle; includeInIndex = 0; path = TextViewDynamicHeightUITests.xctest; sourceTree = BUILT_PRODUCTS_DIR; };
		EA678C3F2A9A266700D88B6C /* TextViewDynamicHeightUITests.swift */ = {isa = PBXFileReference; lastKnownFileType = sourcecode.swift; path = TextViewDynamicHeightUITests.swift; sourceTree = "<group>"; };
		EA678C412A9A266700D88B6C /* Info.plist */ = {isa = PBXFileReference; lastKnownFileType = text.plist.xml; path = Info.plist; sourceTree = "<group>"; };
/* End PBXFileReference section */

/* Begin PBXFrameworksBuildPhase section */
		EA678C172A9A265C00D88B6C /* Frameworks */ = {
			isa = PBXFrameworksBuildPhase;
			buildActionMask = 2147483647;
			files = (
			);
			runOnlyForDeploymentPostprocessing = 0;
		};
		EA678C2D2A9A266700D88B6C /* Frameworks */ = {
			isa = PBXFrameworksBuildPhase;
			buildActionMask = 2147483647;
			files = (
			);
			runOnlyForDeploymentPostprocessing = 0;
		};
		EA678C382A9A266700D88B6C /* Frameworks */ = {
			isa = PBXFrameworksBuildPhase;
			buildActionMask = 2147483647;
			files = (
			);
			runOnlyForDeploymentPostprocessing = 0;
		};
/* End PBXFrameworksBuildPhase section */

/* Begin PBXGroup section */
		EA678C112A9A265C00D88B6C = {
			isa = PBXGroup;
			children = (
				EA678C1C2A9A265C00D88B6C /* TextViewDynamicHeight */,
				EA678C332A9A266700D88B6C /* TextViewDynamicHeightTests */,
				EA678C3E2A9A266700D88B6C /* TextViewDynamicHeightUITests */,
				EA678C1B2A9A265C00D88B6C /* Products */,
			);
			sourceTree = "<group>";
		};
		EA678C1B2A9A265C00D88B6C /* Products */ = {
			isa = PBXGroup;
			children = (
				EA678C1A2A9A265C00D88B6C /* TextViewDynamicHeight.app */,
				EA678C302A9A266700D88B6C /* TextViewDynamicHeightTests.xctest */,
				EA678C3B2A9A266700D88B6C /* TextViewDynamicHeightUITests.xctest */,
			);
			name = Products;
			sourceTree = "<group>";
		};
		EA678C1C2A9A265C00D88B6C /* TextViewDynamicHeight */ = {
			isa = PBXGroup;
			children = (
				EA678C1D2A9A265C00D88B6C /* AppDelegate.swift */,
				EA678C1F2A9A265C00D88B6C /* SceneDelegate.swift */,
				EA678C212A9A265C00D88B6C /* ViewController.swift */,
				EA678C232A9A265C00D88B6C /* Main.storyboard */,
				EA678C262A9A266600D88B6C /* Assets.xcassets */,
				EA678C282A9A266600D88B6C /* LaunchScreen.storyboard */,
				EA678C2B2A9A266600D88B6C /* Info.plist */,
			);
			path = TextViewDynamicHeight;
			sourceTree = "<group>";
		};
		EA678C332A9A266700D88B6C /* TextViewDynamicHeightTests */ = {
			isa = PBXGroup;
			children = (
				EA678C342A9A266700D88B6C /* TextViewDynamicHeightTests.swift */,
				EA678C362A9A266700D88B6C /* Info.plist */,
			);
			path = TextViewDynamicHeightTests;
			sourceTree = "<group>";
		};
		EA678C3E2A9A266700D88B6C /* TextViewDynamicHeightUITests */ = {
			isa = PBXGroup;
			children = (
				EA678C3F2A9A266700D88B6C /* TextViewDynamicHeightUITests.swift */,
				EA678C412A9A266700D88B6C /* Info.plist */,
			);
			path = TextViewDynamicHeightUITests;
			sourceTree = "<group>";
		};
/* End PBXGroup section */

/* Begin PBXNativeTarget section */
		EA678C192A9A265C00D88B6C /* TextViewDynamicHeight */ = {
			isa = PBXNativeTarget;
			buildConfigurationList = EA678C442A9A266700D88B6C /* Build configuration list for PBXNativeTarget "TextViewDynamicHeight" */;
			buildPhases = (
				EA678C162A9A265C00D88B6C /* Sources */,
				EA678C172A9A265C00D88B6C /* Frameworks */,
				EA678C182A9A265C00D88B6C /* Resources */,
			);
			buildRules = (
			);
			dependencies = (
			);
			name = TextViewDynamicHeight;
			productName = TextViewDynamicHeight;
			productReference = EA678C1A2A9A265C00D88B6C /* TextViewDynamicHeight.app */;
			productType = "com.apple.product-type.application";
		};
		EA678C2F2A9A266700D88B6C /* TextViewDynamicHeightTests */ = {
			isa = PBXNativeTarget;
			buildConfigurationList = EA678C472A9A266700D88B6C /* Build configuration list for PBXNativeTarget "TextViewDynamicHeightTests" */;
			buildPhases = (
				EA678C2C2A9A266700D88B6C /* Sources */,
				EA678C2D2A9A266700D88B6C /* Frameworks */,
				EA678C2E2A9A266700D88B6C /* Resources */,
			);
			buildRules = (
			);
			dependencies = (
				EA678C322A9A266700D88B6C /* PBXTargetDependency */,
			);
			name = TextViewDynamicHeightTests;
			productName = TextViewDynamicHeightTests;
			productReference = EA678C302A9A266700D88B6C /* TextViewDynamicHeightTests.xctest */;
			productType = "com.apple.product-type.bundle.unit-test";
		};
		EA678C3A2A9A266700D88B6C /* TextViewDynamicHeightUITests */ = {
			isa = PBXNativeTarget;
			buildConfigurationList = EA678C4A2A9A266700D88B6C /* Build configuration list for PBXNativeTarget "TextViewDynamicHeightUITests" */;
			buildPhases = (
				EA678C372A9A266700D88B6C /* Sources */,
				EA678C382A9A266700D88B6C /* Frameworks */,
				EA678C392A9A266700D88B6C /* Resources */,
			);
			buildRules = (
			);
			dependencies = (
				EA678C3D2A9A266700D88B6C /* PBXTargetDependency */,
			);
			name = TextViewDynamicHeightUITests;
			productName = TextViewDynamicHeightUITests;
			productReference = EA678C3B2A9A266700D88B6C /* TextViewDynamicHeightUITests.xctest */;
			productType = "com.apple.product-type.bundle.ui-testing";
		};
/* End PBXNativeTarget section */

/* Begin PBXProject section */
		EA678C122A9A265C00D88B6C /* Project object */ = {
			isa = PBXProject;
			attributes = {
				LastSwiftUpdateCheck = 1240;
				LastUpgradeCheck = 1240;
				TargetAttributes = {
					EA678C192A9A265C00D88B6C = {
						CreatedOnToolsVersion = 12.4;
					};
					EA678C2F2A9A266700D88B6C = {
						CreatedOnToolsVersion = 12.4;
						TestTargetID = EA678C192A9A265C00D88B6C;
					};
					EA678C3A2A9A266700D88B6C = {
						CreatedOnToolsVersion = 12.4;
						TestTargetID = EA678C192A9A265C00D88B6C;
					};
				};
			};
			buildConfigurationList = EA678C152A9A265C00D88B6C /* Build configuration list for PBXProject "TextViewDynamicHeight" */;
			compatibilityVersion = "Xcode 9.3";
			developmentRegion = en;
			hasScannedForEncodings = 0;
			knownRegions = (
				en,
				Base,
			);
			mainGroup = EA678C112A9A265C00D88B6C;
			productRefGroup = EA678C1B2A9A265C00D88B6C /* Products */;
			projectDirPath = "";
			projectRoot = "";
			targets = (
				EA678C192A9A265C00D88B6C /* TextViewDynamicHeight */,
				EA678C2F2A9A266700D88B6C /* TextViewDynamicHeightTests */,
				EA678C3A2A9A266700D88B6C /* TextViewDynamicHeightUITests */,
			);
		};
/* End PBXProject section */

/* Begin PBXResourcesBuildPhase section */
		EA678C182A9A265C00D88B6C /* Resources */ = {
			isa = PBXResourcesBuildPhase;
			buildActionMask = 2147483647;
			files = (
				EA678C2A2A9A266600D88B6C /* LaunchScreen.storyboard in Resources */,
				EA678C272A9A266600D88B6C /* Assets.xcassets in Resources */,
				EA678C252A9A265C00D88B6C /* Main.storyboard in Resources */,
			);
			runOnlyForDeploymentPostprocessing = 0;
		};
		EA678C2E2A9A266700D88B6C /* Resources */ = {
			isa = PBXResourcesBuildPhase;
			buildActionMask = 2147483647;
			files = (
			);
			runOnlyForDeploymentPostprocessing = 0;
		};
		EA678C392A9A266700D88B6C /* Resources */ = {
			isa = PBXResourcesBuildPhase;
			buildActionMask = 2147483647;
			files = (
			);
			runOnlyForDeploymentPostprocessing = 0;
		};
/* End PBXResourcesBuildPhase section */

/* Begin PBXSourcesBuildPhase section */
		EA678C162A9A265C00D88B6C /* Sources */ = {
			isa = PBXSourcesBuildPhase;
			buildActionMask = 2147483647;
			files = (
				EA678C222A9A265C00D88B6C /* ViewController.swift in Sources */,
				EA678C1E2A9A265C00D88B6C /* AppDelegate.swift in Sources */,
				EA678C202A9A265C00D88B6C /* SceneDelegate.swift in Sources */,
			);
			runOnlyForDeploymentPostprocessing = 0;
		};
		EA678C2C2A9A266700D88B6C /* Sources */ = {
			isa = PBXSourcesBuildPhase;
			buildActionMask = 2147483647;
			files = (
				EA678C352A9A266700D88B6C /* TextViewDynamicHeightTests.swift in Sources */,
			);
			runOnlyForDeploymentPostprocessing = 0;
		};
		EA678C372A9A266700D88B6C /* Sources */ = {
			isa = PBXSourcesBuildPhase;
			buildActionMask = 2147483647;
			files = (
				EA678C402A9A266700D88B6C /* TextViewDynamicHeightUITests.swift in Sources */,
			);
			runOnlyForDeploymentPostprocessing = 0;
		};
/* End PBXSourcesBuildPhase section */

/* Begin PBXTargetDependency section */
		EA678C322A9A266700D88B6C /* PBXTargetDependency */ = {
			isa = PBXTargetDependency;
			target = EA678C192A9A265C00D88B6C /* TextViewDynamicHeight */;
			targetProxy = EA678C312A9A266700D88B6C /* PBXContainerItemProxy */;
		};
		EA678C3D2A9A266700D88B6C /* PBXTargetDependency */ = {
			isa = PBXTargetDependency;
			target = EA678C192A9A265C00D88B6C /* TextViewDynamicHeight */;
			targetProxy = EA678C3C2A9A266700D88B6C /* PBXContainerItemProxy */;
		};
/* End PBXTargetDependency section */

/* Begin PBXVariantGroup section */
		EA678C232A9A265C00D88B6C /* Main.storyboard */ = {
			isa = PBXVariantGroup;
			children = (
				EA678C242A9A265C00D88B6C /* Base */,
			);
			name = Main.storyboard;
			sourceTree = "<group>";
		};
		EA678C282A9A266600D88B6C /* LaunchScreen.storyboard */ = {
			isa = PBXVariantGroup;
			children = (
				EA678C292A9A266600D88B6C /* Base */,
			);
			name = LaunchScreen.storyboard;
			sourceTree = "<group>";
		};
/* End PBXVariantGroup section */

/* Begin XCBuildConfiguration section */
		EA678C422A9A266700D88B6C /* Debug */ = {
			isa = XCBuildConfiguration;
			buildSettings = {
				ALWAYS_SEARCH_USER_PATHS = NO;
				CLANG_ANALYZER_NONNULL = YES;
				CLANG_ANALYZER_NUMBER_OBJECT_CONVERSION = YES_AGGRESSIVE;
				CLANG_CXX_LANGUAGE_STANDARD = "gnu++14";
				CLANG_CXX_LIBRARY = "libc++";
				CLANG_ENABLE_MODULES = YES;
				CLANG_ENABLE_OBJC_ARC = YES;
				CLANG_ENABLE_OBJC_WEAK = YES;
				CLANG_WARN_BLOCK_CAPTURE_AUTORELEASING = YES;
				CLANG_WARN_BOOL_CONVERSION = YES;
				CLANG_WARN_COMMA = YES;
				CLANG_WARN_CONSTANT_CONVERSION = YES;
				CLANG_WARN_DEPRECATED_OBJC_IMPLEMENTATIONS = YES;
				CLANG_WARN_DIRECT_OBJC_ISA_USAGE = YES_ERROR;
				CLANG_WARN_DOCUMENTATION_COMMENTS = YES;
				CLANG_WARN_EMPTY_BODY = YES;
				CLANG_WARN_ENUM_CONVERSION = YES;
				CLANG_WARN_INFINITE_RECURSION = YES;
				CLANG_WARN_INT_CONVERSION = YES;
				CLANG_WARN_NON_LITERAL_NULL_CONVERSION = YES;
				CLANG_WARN_OBJC_IMPLICIT_RETAIN_SELF = YES;
				CLANG_WARN_OBJC_LITERAL_CONVERSION = YES;
				CLANG_WARN_OBJC_ROOT_CLASS = YES_ERROR;
				CLANG_WARN_QUOTED_INCLUDE_IN_FRAMEWORK_HEADER = YES;
				CLANG_WARN_RANGE_LOOP_ANALYSIS = YES;
				CLANG_WARN_STRICT_PROTOTYPES = YES;
				CLANG_WARN_SUSPICIOUS_MOVE = YES;
				CLANG_WARN_UNGUARDED_AVAILABILITY = YES_AGGRESSIVE;
				CLANG_WARN_UNREACHABLE_CODE = YES;
				CLANG_WARN__DUPLICATE_METHOD_MATCH = YES;
				COPY_PHASE_STRIP = NO;
				DEBUG_INFORMATION_FORMAT = dwarf;
				ENABLE_STRICT_OBJC_MSGSEND = YES;
				ENABLE_TESTABILITY = YES;
				GCC_C_LANGUAGE_STANDARD = gnu11;
				GCC_DYNAMIC_NO_PIC = NO;
				GCC_NO_COMMON_BLOCKS = YES;
				GCC_OPTIMIZATION_LEVEL = 0;
				GCC_PREPROCESSOR_DEFINITIONS = (
					"DEBUG=1",
					"$(inherited)",
				);
				GCC_WARN_64_TO_32_BIT_CONVERSION = YES;
				GCC_WARN_ABOUT_RETURN_TYPE = YES_ERROR;
				GCC_WARN_UNDECLARED_SELECTOR = YES;
				GCC_WARN_UNINITIALIZED_AUTOS = YES_AGGRESSIVE;
				GCC_WARN_UNUSED_FUNCTION = YES;
				GCC_WARN_UNUSED_VARIABLE = YES;
				IPHONEOS_DEPLOYMENT_TARGET = 14.4;
				MTL_ENABLE_DEBUG_INFO = INCLUDE_SOURCE;
				MTL_FAST_MATH = YES;
				ONLY_ACTIVE_ARCH = YES;
				SDKROOT = iphoneos;
				SWIFT_ACTIVE_COMPILATION_CONDITIONS = DEBUG;
				SWIFT_OPTIMIZATION_LEVEL = "-Onone";
			};
			name = Debug;
		};
		EA678C432A9A266700D88B6C /* Release */ = {
			isa = XCBuildConfiguration;
			buildSettings = {
				ALWAYS_SEARCH_USER_PATHS = NO;
				CLANG_ANALYZER_NONNULL = YES;
				CLANG_ANALYZER_NUMBER_OBJECT_CONVERSION = YES_AGGRESSIVE;
				CLANG_CXX_LANGUAGE_STANDARD = "gnu++14";
				CLANG_CXX_LIBRARY = "libc++";
				CLANG_ENABLE_MODULES = YES;
				CLANG_ENABLE_OBJC_ARC = YES;
				CLANG_ENABLE_OBJC_WEAK = YES;
				CLANG_WARN_BLOCK_CAPTURE_AUTORELEASING = YES;
				CLANG_WARN_BOOL_CONVERSION = YES;
				CLANG_WARN_COMMA = YES;
				CLANG_WARN_CONSTANT_CONVERSION = YES;
				CLANG_WARN_DEPRECATED_OBJC_IMPLEMENTATIONS = YES;
				CLANG_WARN_DIRECT_OBJC_ISA_USAGE = YES_ERROR;
				CLANG_WARN_DOCUMENTATION_COMMENTS = YES;
				CLANG_WARN_EMPTY_BODY = YES;
				CLANG_WARN_ENUM_CONVERSION = YES;
				CLANG_WARN_INFINITE_RECURSION = YES;
				CLANG_WARN_INT_CONVERSION = YES;
				CLANG_WARN_NON_LITERAL_NULL_CONVERSION = YES;
				CLANG_WARN_OBJC_IMPLICIT_RETAIN_SELF = YES;
				CLANG_WARN_OBJC_LITERAL_CONVERSION = YES;
				CLANG_WARN_OBJC_ROOT_CLASS = YES_ERROR;
				CLANG_WARN_QUOTED_INCLUDE_IN_FRAMEWORK_HEADER = YES;
				CLANG_WARN_RANGE_LOOP_ANALYSIS = YES;
				CLANG_WARN_STRICT_PROTOTYPES = YES;
				CLANG_WARN_SUSPICIOUS_MOVE = YES;
				CLANG_WARN_UNGUARDED_AVAILABILITY = YES_AGGRESSIVE;
				CLANG_WARN_UNREACHABLE_CODE = YES;
				CLANG_WARN__DUPLICATE_METHOD_MATCH = YES;
				COPY_PHASE_STRIP = NO;
				DEBUG_INFORMATION_FORMAT = "dwarf-with-dsym";
				ENABLE_NS_ASSERTIONS = NO;
				ENABLE_STRICT_OBJC_MSGSEND = YES;
				GCC_C_LANGUAGE_STANDARD = gnu11;
				GCC_NO_COMMON_BLOCKS = YES;
				GCC_WARN_64_TO_32_BIT_CONVERSION = YES;
				GCC_WARN_ABOUT_RETURN_TYPE = YES_ERROR;
				GCC_WARN_UNDECLARED_SELECTOR = YES;
				GCC_WARN_UNINITIALIZED_AUTOS = YES_AGGRESSIVE;
				GCC_WARN_UNUSED_FUNCTION = YES;
				GCC_WARN_UNUSED_VARIABLE = YES;
				IPHONEOS_DEPLOYMENT_TARGET = 14.4;
				MTL_ENABLE_DEBUG_INFO = NO;
				MTL_FAST_MATH = YES;
				SDKROOT = iphoneos;
				SWIFT_COMPILATION_MODE = wholemodule;
				SWIFT_OPTIMIZATION_LEVEL = "-O";
				VALIDATE_PRODUCT = YES;
			};
			name = Release;
		};
		EA678C452A9A266700D88B6C /* Debug */ = {
			isa = XCBuildConfiguration;
			buildSettings = {
				ASSETCATALOG_COMPILER_APPICON_NAME = AppIcon;
				ASSETCATALOG_COMPILER_GLOBAL_ACCENT_COLOR_NAME = AccentColor;
				CODE_SIGN_STYLE = Automatic;
				DEVELOPMENT_TEAM = VG2S98FFS9;
				INFOPLIST_FILE = TextViewDynamicHeight/Info.plist;
				LD_RUNPATH_SEARCH_PATHS = (
					"$(inherited)",
					"@executable_path/Frameworks",
				);
				PRODUCT_BUNDLE_IDENTIFIER = com.shivakumarpgk.TextViewDynamicHeight;
				PRODUCT_NAME = "$(TARGET_NAME)";
				SWIFT_VERSION = 5.0;
				TARGETED_DEVICE_FAMILY = "1,2";
			};
			name = Debug;
		};
		EA678C462A9A266700D88B6C /* Release */ = {
			isa = XCBuildConfiguration;
			buildSettings = {
				ASSETCATALOG_COMPILER_APPICON_NAME = AppIcon;
				ASSETCATALOG_COMPILER_GLOBAL_ACCENT_COLOR_NAME = AccentColor;
				CODE_SIGN_STYLE = Automatic;
				DEVELOPMENT_TEAM = VG2S98FFS9;
				INFOPLIST_FILE = TextViewDynamicHeight/Info.plist;
				LD_RUNPATH_SEARCH_PATHS = (
					"$(inherited)",
					"@executable_path/Frameworks",
				);
				PRODUCT_BUNDLE_IDENTIFIER = com.shivakumarpgk.TextViewDynamicHeight;
				PRODUCT_NAME = "$(TARGET_NAME)";
				SWIFT_VERSION = 5.0;
				TARGETED_DEVICE_FAMILY = "1,2";
			};
			name = Release;
		};
		EA678C482A9A266700D88B6C /* Debug */ = {
			isa = XCBuildConfiguration;
			buildSettings = {
				ALWAYS_EMBED_SWIFT_STANDARD_LIBRARIES = YES;
				BUNDLE_LOADER = "$(TEST_HOST)";
				CODE_SIGN_STYLE = Automatic;
				DEVELOPMENT_TEAM = VG2S98FFS9;
				INFOPLIST_FILE = TextViewDynamicHeightTests/Info.plist;
				IPHONEOS_DEPLOYMENT_TARGET = 14.4;
				LD_RUNPATH_SEARCH_PATHS = (
					"$(inherited)",
					"@executable_path/Frameworks",
					"@loader_path/Frameworks",
				);
				PRODUCT_BUNDLE_IDENTIFIER = com.shivakumarpgk.TextViewDynamicHeightTests;
				PRODUCT_NAME = "$(TARGET_NAME)";
				SWIFT_VERSION = 5.0;
				TARGETED_DEVICE_FAMILY = "1,2";
				TEST_HOST = "$(BUILT_PRODUCTS_DIR)/TextViewDynamicHeight.app/TextViewDynamicHeight";
			};
			name = Debug;
		};
		EA678C492A9A266700D88B6C /* Release */ = {
			isa = XCBuildConfiguration;
			buildSettings = {
				ALWAYS_EMBED_SWIFT_STANDARD_LIBRARIES = YES;
				BUNDLE_LOADER = "$(TEST_HOST)";
				CODE_SIGN_STYLE = Automatic;
				DEVELOPMENT_TEAM = VG2S98FFS9;
				INFOPLIST_FILE = TextViewDynamicHeightTests/Info.plist;
				IPHONEOS_DEPLOYMENT_TARGET = 14.4;
				LD_RUNPATH_SEARCH_PATHS = (
					"$(inherited)",
					"@executable_path/Frameworks",
					"@loader_path/Frameworks",
				);
				PRODUCT_BUNDLE_IDENTIFIER = com.shivakumarpgk.TextViewDynamicHeightTests;
				PRODUCT_NAME = "$(TARGET_NAME)";
				SWIFT_VERSION = 5.0;
				TARGETED_DEVICE_FAMILY = "1,2";
				TEST_HOST = "$(BUILT_PRODUCTS_DIR)/TextViewDynamicHeight.app/TextViewDynamicHeight";
			};
			name = Release;
		};
		EA678C4B2A9A266700D88B6C /* Debug */ = {
			isa = XCBuildConfiguration;
			buildSettings = {
				ALWAYS_EMBED_SWIFT_STANDARD_LIBRARIES = YES;
				CODE_SIGN_STYLE = Automatic;
				DEVELOPMENT_TEAM = VG2S98FFS9;
				INFOPLIST_FILE = TextViewDynamicHeightUITests/Info.plist;
				LD_RUNPATH_SEARCH_PATHS = (
					"$(inherited)",
					"@executable_path/Frameworks",
					"@loader_path/Frameworks",
				);
				PRODUCT_BUNDLE_IDENTIFIER = com.shivakumarpgk.TextViewDynamicHeightUITests;
				PRODUCT_NAME = "$(TARGET_NAME)";
				SWIFT_VERSION = 5.0;
				TARGETED_DEVICE_FAMILY = "1,2";
				TEST_TARGET_NAME = TextViewDynamicHeight;
			};
			name = Debug;
		};
		EA678C4C2A9A266700D88B6C /* Release */ = {
			isa = XCBuildConfiguration;
			buildSettings = {
				ALWAYS_EMBED_SWIFT_STANDARD_LIBRARIES = YES;
				CODE_SIGN_STYLE = Automatic;
				DEVELOPMENT_TEAM = VG2S98FFS9;
				INFOPLIST_FILE = TextViewDynamicHeightUITests/Info.plist;
				LD_RUNPATH_SEARCH_PATHS = (
					"$(inherited)",
					"@executable_path/Frameworks",
					"@loader_path/Frameworks",
				);
				PRODUCT_BUNDLE_IDENTIFIER = com.shivakumarpgk.TextViewDynamicHeightUITests;
				PRODUCT_NAME = "$(TARGET_NAME)";
				SWIFT_VERSION = 5.0;
				TARGETED_DEVICE_FAMILY = "1,2";
				TEST_TARGET_NAME = TextViewDynamicHeight;
			};
			name = Release;
		};
/* End XCBuildConfiguration section */

/* Begin XCConfigurationList section */
		EA678C152A9A265C00D88B6C /* Build configuration list for PBXProject "TextViewDynamicHeight" */ = {
			isa = XCConfigurationList;
			buildConfigurations = (
				EA678C422A9A266700D88B6C /* Debug */,
				EA678C432A9A266700D88B6C /* Release */,
			);
			defaultConfigurationIsVisible = 0;
			defaultConfigurationName = Release;
		};
		EA678C442A9A266700D88B6C /* Build configuration list for PBXNativeTarget "TextViewDynamicHeight" */ = {
			isa = XCConfigurationList;
			buildConfigurations = (
				EA678C452A9A266700D88B6C /* Debug */,
				EA678C462A9A266700D88B6C /* Release */,
			);
			defaultConfigurationIsVisible = 0;
			defaultConfigurationName = Release;
		};
		EA678C472A9A266700D88B6C /* Build configuration list for PBXNativeTarget "TextViewDynamicHeightTests" */ = {
			isa = XCConfigurationList;
			buildConfigurations = (
				EA678C482A9A266700D88B6C /* Debug */,
				EA678C492A9A266700D88B6C /* Release */,
			);
			defaultConfigurationIsVisible = 0;
			defaultConfigurationName = Release;
		};
		EA678C4A2A9A266700D88B6C /* Build configuration list for PBXNativeTarget "TextViewDynamicHeightUITests" */ = {
			isa = XCConfigurationList;
			buildConfigurations = (
				EA678C4B2A9A266700D88B6C /* Debug */,
				EA678C4C2A9A266700D88B6C /* Release */,
			);
			defaultConfigurationIsVisible = 0;
			defaultConfigurationName = Release;
		};
/* End XCConfigurationList section */
	};
	rootObject = EA678C122A9A265C00D88B6C /* Project object */;
}
